
Microsoft Visual Studio Solution File, Format Version 12.00
# Visual Studio Version 16
VisualStudioVersion = 16.0.29920.165
MinimumVisualStudioVersion = 10.0.40219.1
Project("{FAE04EC0-301F-11D3-BF4B-00C04F79EFBC}") = "ShopkeepersQuiz.Api", "ShopkeepersQuiz.Api\ShopkeepersQuiz.Api.csproj", "{A242A447-84DE-43FB-9262-BD9C1AB3358A}"
EndProject
Global
	GlobalSection(SolutionConfigurationPlatforms) = preSolution
		Debug|Any CPU = Debug|Any CPU
		Release|Any CPU = Release|Any CPU
	EndGlobalSection
	GlobalSection(ProjectConfigurationPlatforms) = postSolution
		{A242A447-84DE-43FB-9262-BD9C1AB3358A}.Debug|Any CPU.ActiveCfg = Debug|Any CPU
		{A242A447-84DE-43FB-9262-BD9C1AB3358A}.Debug|Any CPU.Build.0 = Debug|Any CPU
		{A242A447-84DE-43FB-9262-BD9C1AB3358A}.Release|Any CPU.ActiveCfg = Release|Any CPU
		{A242A447-84DE-43FB-9262-BD9C1AB3358A}.Release|Any CPU.Build.0 = Release|Any CPU
	EndGlobalSection
	GlobalSection(SolutionProperties) = preSolution
		HideSolutionNode = FALSE
	EndGlobalSection
	GlobalSection(ExtensibilityGlobals) = postSolution
		SolutionGuid = {B8B83F1A-9A53-4979-8317-86AB4A79EF6A}
	EndGlobalSection
EndGlobal
